
Microsoft Visual Studio Solution File, Format Version 12.00
# Visual Studio Version 17
VisualStudioVersion = 17.0.32112.339
MinimumVisualStudioVersion = 10.0.40219.1
Project("{9A19103F-16F7-4668-BE54-9A1E7A4F7556}") = "ArcturusWebsiteAspnetCoreWebApp", "ArcturusWebsiteAspnetCoreWebApp\ArcturusWebsiteAspnetCoreWebApp.csproj", "{B3FFA1DE-6634-4AA7-8DC0-D288A150DC2A}"
EndProject
Global
	GlobalSection(SolutionConfigurationPlatforms) = preSolution
		Debug|Any CPU = Debug|Any CPU
		Release|Any CPU = Release|Any CPU
	EndGlobalSection
	GlobalSection(ProjectConfigurationPlatforms) = postSolution
		{B3FFA1DE-6634-4AA7-8DC0-D288A150DC2A}.Debug|Any CPU.ActiveCfg = Debug|Any CPU
		{B3FFA1DE-6634-4AA7-8DC0-D288A150DC2A}.Debug|Any CPU.Build.0 = Debug|Any CPU
		{B3FFA1DE-6634-4AA7-8DC0-D288A150DC2A}.Release|Any CPU.ActiveCfg = Release|Any CPU
		{B3FFA1DE-6634-4AA7-8DC0-D288A150DC2A}.Release|Any CPU.Build.0 = Release|Any CPU
	EndGlobalSection
	GlobalSection(SolutionProperties) = preSolution
		HideSolutionNode = FALSE
	EndGlobalSection
	GlobalSection(ExtensibilityGlobals) = postSolution
		SolutionGuid = {1149C5EE-0A03-4BAB-A393-5CA78ED00B54}
	EndGlobalSection
EndGlobal
